
Microsoft Visual Studio Solution File, Format Version 12.00
# Visual Studio Version 16
VisualStudioVersion = 16.0.29926.136
MinimumVisualStudioVersion = 10.0.40219.1
Project("{FAE04EC0-301F-11D3-BF4B-00C04F79EFBC}") = "CSharp", "CSharp\CSharp.csproj", "{91A0CC59-4C48-482B-A192-CFF47116EBD9}"
EndProject
Project("{FAE04EC0-301F-11D3-BF4B-00C04F79EFBC}") = "ConnectionUtils", "ConnectionUtils\ConnectionUtils.csproj", "{1E8F254F-DD11-4BB6-A883-21F03EF543B4}"
EndProject
Project("{FAE04EC0-301F-11D3-BF4B-00C04F79EFBC}") = "CsharpInterfata", "CsharpInterfata\CsharpInterfata.csproj", "{33CE6E08-44DF-4C0D-B855-492CC357881E}"
EndProject
Project("{FAE04EC0-301F-11D3-BF4B-00C04F79EFBC}") = "client", "client\client.csproj", "{24C8099E-2C2C-4321-921D-907669BEE654}"
EndProject
Project("{FAE04EC0-301F-11D3-BF4B-00C04F79EFBC}") = "model", "model\model.csproj", "{337B2DC5-FE3A-440E-8C0C-E021AEC3A286}"
EndProject
Project("{FAE04EC0-301F-11D3-BF4B-00C04F79EFBC}") = "networking", "networking\networking.csproj", "{D192500D-EB20-4970-A2BD-DD3B37F4C05D}"
EndProject
Project("{FAE04EC0-301F-11D3-BF4B-00C04F79EFBC}") = "persistence", "persistence\persistence.csproj", "{5ED7BA57-3F6D-4F3F-BAFE-7FB7FE46AFB7}"
EndProject
Project("{FAE04EC0-301F-11D3-BF4B-00C04F79EFBC}") = "Server", "Server\Server.csproj", "{2B8768A5-EAF5-46C9-A07F-5F5DA74CB563}"
EndProject
Project("{FAE04EC0-301F-11D3-BF4B-00C04F79EFBC}") = "services", "services\services.csproj", "{66ABE83A-99F6-4C85-805F-6706874E3417}"
EndProject
Project("{FAE04EC0-301F-11D3-BF4B-00C04F79EFBC}") = "CSharpRestClient", "CSharpRestClient\CSharpRestClient.csproj", "{AB85B695-7208-4E2A-B428-5EBA81AB2766}"
EndProject
Global
	GlobalSection(SolutionConfigurationPlatforms) = preSolution
		Debug|Any CPU = Debug|Any CPU
		Release|Any CPU = Release|Any CPU
	EndGlobalSection
	GlobalSection(ProjectConfigurationPlatforms) = postSolution
		{91A0CC59-4C48-482B-A192-CFF47116EBD9}.Debug|Any CPU.ActiveCfg = Debug|Any CPU
		{91A0CC59-4C48-482B-A192-CFF47116EBD9}.Debug|Any CPU.Build.0 = Debug|Any CPU
		{91A0CC59-4C48-482B-A192-CFF47116EBD9}.Release|Any CPU.ActiveCfg = Release|Any CPU
		{91A0CC59-4C48-482B-A192-CFF47116EBD9}.Release|Any CPU.Build.0 = Release|Any CPU
		{1E8F254F-DD11-4BB6-A883-21F03EF543B4}.Debug|Any CPU.ActiveCfg = Debug|Any CPU
		{1E8F254F-DD11-4BB6-A883-21F03EF543B4}.Debug|Any CPU.Build.0 = Debug|Any CPU
		{1E8F254F-DD11-4BB6-A883-21F03EF543B4}.Release|Any CPU.ActiveCfg = Release|Any CPU
		{1E8F254F-DD11-4BB6-A883-21F03EF543B4}.Release|Any CPU.Build.0 = Release|Any CPU
		{33CE6E08-44DF-4C0D-B855-492CC357881E}.Debug|Any CPU.ActiveCfg = Debug|Any CPU
		{33CE6E08-44DF-4C0D-B855-492CC357881E}.Debug|Any CPU.Build.0 = Debug|Any CPU
		{33CE6E08-44DF-4C0D-B855-492CC357881E}.Release|Any CPU.ActiveCfg = Release|Any CPU
		{33CE6E08-44DF-4C0D-B855-492CC357881E}.Release|Any CPU.Build.0 = Release|Any CPU
		{24C8099E-2C2C-4321-921D-907669BEE654}.Debug|Any CPU.ActiveCfg = Debug|Any CPU
		{24C8099E-2C2C-4321-921D-907669BEE654}.Debug|Any CPU.Build.0 = Debug|Any CPU
		{24C8099E-2C2C-4321-921D-907669BEE654}.Release|Any CPU.ActiveCfg = Release|Any CPU
		{24C8099E-2C2C-4321-921D-907669BEE654}.Release|Any CPU.Build.0 = Release|Any CPU
		{337B2DC5-FE3A-440E-8C0C-E021AEC3A286}.Debug|Any CPU.ActiveCfg = Debug|Any CPU
		{337B2DC5-FE3A-440E-8C0C-E021AEC3A286}.Debug|Any CPU.Build.0 = Debug|Any CPU
		{337B2DC5-FE3A-440E-8C0C-E021AEC3A286}.Release|Any CPU.ActiveCfg = Release|Any CPU
		{337B2DC5-FE3A-440E-8C0C-E021AEC3A286}.Release|Any CPU.Build.0 = Release|Any CPU
		{D192500D-EB20-4970-A2BD-DD3B37F4C05D}.Debug|Any CPU.ActiveCfg = Debug|Any CPU
		{D192500D-EB20-4970-A2BD-DD3B37F4C05D}.Debug|Any CPU.Build.0 = Debug|Any CPU
		{D192500D-EB20-4970-A2BD-DD3B37F4C05D}.Release|Any CPU.ActiveCfg = Release|Any CPU
		{D192500D-EB20-4970-A2BD-DD3B37F4C05D}.Release|Any CPU.Build.0 = Release|Any CPU
		{5ED7BA57-3F6D-4F3F-BAFE-7FB7FE46AFB7}.Debug|Any CPU.ActiveCfg = Debug|Any CPU
		{5ED7BA57-3F6D-4F3F-BAFE-7FB7FE46AFB7}.Debug|Any CPU.Build.0 = Debug|Any CPU
		{5ED7BA57-3F6D-4F3F-BAFE-7FB7FE46AFB7}.Release|Any CPU.ActiveCfg = Release|Any CPU
		{5ED7BA57-3F6D-4F3F-BAFE-7FB7FE46AFB7}.Release|Any CPU.Build.0 = Release|Any CPU
		{2B8768A5-EAF5-46C9-A07F-5F5DA74CB563}.Debug|Any CPU.ActiveCfg = Debug|Any CPU
		{2B8768A5-EAF5-46C9-A07F-5F5DA74CB563}.Debug|Any CPU.Build.0 = Debug|Any CPU
		{2B8768A5-EAF5-46C9-A07F-5F5DA74CB563}.Release|Any CPU.ActiveCfg = Release|Any CPU
		{2B8768A5-EAF5-46C9-A07F-5F5DA74CB563}.Release|Any CPU.Build.0 = Release|Any CPU
		{66ABE83A-99F6-4C85-805F-6706874E3417}.Debug|Any CPU.ActiveCfg = Debug|Any CPU
		{66ABE83A-99F6-4C85-805F-6706874E3417}.Debug|Any CPU.Build.0 = Debug|Any CPU
		{66ABE83A-99F6-4C85-805F-6706874E3417}.Release|Any CPU.ActiveCfg = Release|Any CPU
		{66ABE83A-99F6-4C85-805F-6706874E3417}.Release|Any CPU.Build.0 = Release|Any CPU
		{AB85B695-7208-4E2A-B428-5EBA81AB2766}.Debug|Any CPU.ActiveCfg = Debug|Any CPU
		{AB85B695-7208-4E2A-B428-5EBA81AB2766}.Debug|Any CPU.Build.0 = Debug|Any CPU
		{AB85B695-7208-4E2A-B428-5EBA81AB2766}.Release|Any CPU.ActiveCfg = Release|Any CPU
		{AB85B695-7208-4E2A-B428-5EBA81AB2766}.Release|Any CPU.Build.0 = Release|Any CPU
	EndGlobalSection
	GlobalSection(SolutionProperties) = preSolution
		HideSolutionNode = FALSE
	EndGlobalSection
	GlobalSection(ExtensibilityGlobals) = postSolution
		SolutionGuid = {771E6984-C118-43B5-9957-FEFB0580F990}
	EndGlobalSection
EndGlobal
